
Microsoft Visual Studio Solution File, Format Version 12.00
# Visual Studio Version 16
VisualStudioVersion = 16.0.31402.337
MinimumVisualStudioVersion = 10.0.40219.1
Project("{FAE04EC0-301F-11D3-BF4B-00C04F79EFBC}") = "OTPSecurity", "OTPSecurity\OTPSecurity.csproj", "{63CD1A41-EA9B-49AD-A0BA-07E31049517F}"
EndProject
Project("{FAE04EC0-301F-11D3-BF4B-00C04F79EFBC}") = "OTPSecurityTests", "OTPSecurityTests\OTPSecurityTests.csproj", "{C576767E-68DD-4E45-9685-CDC002656FEC}"
EndProject
Global
	GlobalSection(SolutionConfigurationPlatforms) = preSolution
		Debug|Any CPU = Debug|Any CPU
		Release|Any CPU = Release|Any CPU
	EndGlobalSection
	GlobalSection(ProjectConfigurationPlatforms) = postSolution
		{63CD1A41-EA9B-49AD-A0BA-07E31049517F}.Debug|Any CPU.ActiveCfg = Debug|Any CPU
		{63CD1A41-EA9B-49AD-A0BA-07E31049517F}.Debug|Any CPU.Build.0 = Debug|Any CPU
		{63CD1A41-EA9B-49AD-A0BA-07E31049517F}.Release|Any CPU.ActiveCfg = Release|Any CPU
		{63CD1A41-EA9B-49AD-A0BA-07E31049517F}.Release|Any CPU.Build.0 = Release|Any CPU
		{C576767E-68DD-4E45-9685-CDC002656FEC}.Debug|Any CPU.ActiveCfg = Debug|Any CPU
		{C576767E-68DD-4E45-9685-CDC002656FEC}.Debug|Any CPU.Build.0 = Debug|Any CPU
		{C576767E-68DD-4E45-9685-CDC002656FEC}.Release|Any CPU.ActiveCfg = Release|Any CPU
		{C576767E-68DD-4E45-9685-CDC002656FEC}.Release|Any CPU.Build.0 = Release|Any CPU
	EndGlobalSection
	GlobalSection(SolutionProperties) = preSolution
		HideSolutionNode = FALSE
	EndGlobalSection
	GlobalSection(ExtensibilityGlobals) = postSolution
		SolutionGuid = {90042BE0-E82F-4A70-B481-8E71397BE97D}
	EndGlobalSection
EndGlobal
